
Microsoft Visual Studio Solution File, Format Version 12.00
# Visual Studio Version 17
VisualStudioVersion = 17.3.32825.248
MinimumVisualStudioVersion = 10.0.40219.1
Project("{9A19103F-16F7-4668-BE54-9A1E7A4F7556}") = "LoginAndRegistration", "LoginAndRegistration\LoginAndRegistration.csproj", "{5A96C0F4-2CAB-4517-A950-56B75B53260A}"
EndProject
Project("{2150E333-8FDC-42A3-9474-1A3956D46DE8}") = "Solution Items", "Solution Items", "{EB882DB5-2139-413A-ACA8-34C742E58FF2}"
	ProjectSection(SolutionItems) = preProject
		.editorconfig = .editorconfig
	EndProjectSection
EndProject
Global
	GlobalSection(SolutionConfigurationPlatforms) = preSolution
		Debug|Any CPU = Debug|Any CPU
		Release|Any CPU = Release|Any CPU
	EndGlobalSection
	GlobalSection(ProjectConfigurationPlatforms) = postSolution
		{5A96C0F4-2CAB-4517-A950-56B75B53260A}.Debug|Any CPU.ActiveCfg = Debug|Any CPU
		{5A96C0F4-2CAB-4517-A950-56B75B53260A}.Debug|Any CPU.Build.0 = Debug|Any CPU
		{5A96C0F4-2CAB-4517-A950-56B75B53260A}.Release|Any CPU.ActiveCfg = Release|Any CPU
		{5A96C0F4-2CAB-4517-A950-56B75B53260A}.Release|Any CPU.Build.0 = Release|Any CPU
	EndGlobalSection
	GlobalSection(SolutionProperties) = preSolution
		HideSolutionNode = FALSE
	EndGlobalSection
	GlobalSection(ExtensibilityGlobals) = postSolution
		SolutionGuid = {E983DB0F-1201-451A-B4DA-5575B92072DB}
	EndGlobalSection
EndGlobal
